
Microsoft Visual Studio Solution File, Format Version 12.00
# Visual Studio Version 17
VisualStudioVersion = 17.5.33627.172
MinimumVisualStudioVersion = 10.0.40219.1
Project("{FAE04EC0-301F-11D3-BF4B-00C04F79EFBC}") = "L3TMPS", "L3TMPS.csproj", "{B4C52F54-8CB5-42FA-B899-E4CA764E3682}"
EndProject
Global
	GlobalSection(SolutionConfigurationPlatforms) = preSolution
		Debug|Any CPU = Debug|Any CPU
		Release|Any CPU = Release|Any CPU
	EndGlobalSection
	GlobalSection(ProjectConfigurationPlatforms) = postSolution
		{B4C52F54-8CB5-42FA-B899-E4CA764E3682}.Debug|Any CPU.ActiveCfg = Debug|Any CPU
		{B4C52F54-8CB5-42FA-B899-E4CA764E3682}.Debug|Any CPU.Build.0 = Debug|Any CPU
		{B4C52F54-8CB5-42FA-B899-E4CA764E3682}.Release|Any CPU.ActiveCfg = Release|Any CPU
		{B4C52F54-8CB5-42FA-B899-E4CA764E3682}.Release|Any CPU.Build.0 = Release|Any CPU
	EndGlobalSection
	GlobalSection(SolutionProperties) = preSolution
		HideSolutionNode = FALSE
	EndGlobalSection
	GlobalSection(ExtensibilityGlobals) = postSolution
		SolutionGuid = {8AF94A33-2A7E-4B03-B8DF-E2F8D779AAFC}
	EndGlobalSection
EndGlobal
